
Microsoft Visual Studio Solution File, Format Version 12.00
# Visual Studio 2013
VisualStudioVersion = 12.0.30723.0
MinimumVisualStudioVersion = 10.0.40219.1
Project("{FAE04EC0-301F-11D3-BF4B-00C04F79EFBC}") = "01Carry", "Carry\01Carry.csproj", "{1DF3CD06-9301-4D46-88B6-DD98270DA25B}"
EndProject
Project("{FAE04EC0-301F-11D3-BF4B-00C04F79EFBC}") = "02InasBoyfriend", "InasBoyfriend\02InasBoyfriend.csproj", "{1C0A5B08-7A23-46DB-905B-2501E9C052A6}"
EndProject
Project("{FAE04EC0-301F-11D3-BF4B-00C04F79EFBC}") = "03MosePopularFriend", "MosePopularFriend\03MosePopularFriend.csproj", "{BD47EF31-6294-4F5C-8C07-649EEF0B3784}"
EndProject
Project("{FAE04EC0-301F-11D3-BF4B-00C04F79EFBC}") = "04Salaries", "Salaries\04Salaries.csproj", "{02471AD9-1E89-4F6F-AD3F-BEE4E78DA41E}"
EndProject
Project("{FAE04EC0-301F-11D3-BF4B-00C04F79EFBC}") = "05WinLose", "WinLose\05WinLose.csproj", "{858F997A-DB75-4AB4-9663-4D7374079F15}"
EndProject
Project("{FAE04EC0-301F-11D3-BF4B-00C04F79EFBC}") = "06Horse", "Horse\06Horse.csproj", "{F6A72D3B-4F8C-49B8-A2AB-B254A0B7FD74}"
EndProject
Project("{FAE04EC0-301F-11D3-BF4B-00C04F79EFBC}") = "07MaxPath", "MaxPath\07MaxPath.csproj", "{FDDA2014-F0B7-41FC-91EA-29DE773F6555}"
EndProject
Project("{FAE04EC0-301F-11D3-BF4B-00C04F79EFBC}") = "08LinkedOut", "LinkedOut\08LinkedOut.csproj", "{2EEE922C-28F6-42BD-81C6-CE2379FEF8D2}"
EndProject
Project("{FAE04EC0-301F-11D3-BF4B-00C04F79EFBC}") = "11FriendsOfPesho-March2012", "FriendsOfPesho-March2012\11FriendsOfPesho-March2012.csproj", "{70216A65-C547-429B-B1B9-DF9C09C534F1}"
EndProject
Project("{FAE04EC0-301F-11D3-BF4B-00C04F79EFBC}") = "12TVCompany", "TVCompany\12TVCompany.csproj", "{0B4C801E-ACFA-408B-B4E3-FCD6C7FEBC3C}"
EndProject
Global
	GlobalSection(SolutionConfigurationPlatforms) = preSolution
		Debug|Any CPU = Debug|Any CPU
		Release|Any CPU = Release|Any CPU
	EndGlobalSection
	GlobalSection(ProjectConfigurationPlatforms) = postSolution
		{1DF3CD06-9301-4D46-88B6-DD98270DA25B}.Debug|Any CPU.ActiveCfg = Debug|Any CPU
		{1DF3CD06-9301-4D46-88B6-DD98270DA25B}.Debug|Any CPU.Build.0 = Debug|Any CPU
		{1DF3CD06-9301-4D46-88B6-DD98270DA25B}.Release|Any CPU.ActiveCfg = Release|Any CPU
		{1DF3CD06-9301-4D46-88B6-DD98270DA25B}.Release|Any CPU.Build.0 = Release|Any CPU
		{1C0A5B08-7A23-46DB-905B-2501E9C052A6}.Debug|Any CPU.ActiveCfg = Debug|Any CPU
		{1C0A5B08-7A23-46DB-905B-2501E9C052A6}.Debug|Any CPU.Build.0 = Debug|Any CPU
		{1C0A5B08-7A23-46DB-905B-2501E9C052A6}.Release|Any CPU.ActiveCfg = Release|Any CPU
		{1C0A5B08-7A23-46DB-905B-2501E9C052A6}.Release|Any CPU.Build.0 = Release|Any CPU
		{BD47EF31-6294-4F5C-8C07-649EEF0B3784}.Debug|Any CPU.ActiveCfg = Debug|Any CPU
		{BD47EF31-6294-4F5C-8C07-649EEF0B3784}.Debug|Any CPU.Build.0 = Debug|Any CPU
		{BD47EF31-6294-4F5C-8C07-649EEF0B3784}.Release|Any CPU.ActiveCfg = Release|Any CPU
		{BD47EF31-6294-4F5C-8C07-649EEF0B3784}.Release|Any CPU.Build.0 = Release|Any CPU
		{02471AD9-1E89-4F6F-AD3F-BEE4E78DA41E}.Debug|Any CPU.ActiveCfg = Debug|Any CPU
		{02471AD9-1E89-4F6F-AD3F-BEE4E78DA41E}.Debug|Any CPU.Build.0 = Debug|Any CPU
		{02471AD9-1E89-4F6F-AD3F-BEE4E78DA41E}.Release|Any CPU.ActiveCfg = Release|Any CPU
		{02471AD9-1E89-4F6F-AD3F-BEE4E78DA41E}.Release|Any CPU.Build.0 = Release|Any CPU
		{858F997A-DB75-4AB4-9663-4D7374079F15}.Debug|Any CPU.ActiveCfg = Debug|Any CPU
		{858F997A-DB75-4AB4-9663-4D7374079F15}.Debug|Any CPU.Build.0 = Debug|Any CPU
		{858F997A-DB75-4AB4-9663-4D7374079F15}.Release|Any CPU.ActiveCfg = Release|Any CPU
		{858F997A-DB75-4AB4-9663-4D7374079F15}.Release|Any CPU.Build.0 = Release|Any CPU
		{F6A72D3B-4F8C-49B8-A2AB-B254A0B7FD74}.Debug|Any CPU.ActiveCfg = Debug|Any CPU
		{F6A72D3B-4F8C-49B8-A2AB-B254A0B7FD74}.Debug|Any CPU.Build.0 = Debug|Any CPU
		{F6A72D3B-4F8C-49B8-A2AB-B254A0B7FD74}.Release|Any CPU.ActiveCfg = Release|Any CPU
		{F6A72D3B-4F8C-49B8-A2AB-B254A0B7FD74}.Release|Any CPU.Build.0 = Release|Any CPU
		{FDDA2014-F0B7-41FC-91EA-29DE773F6555}.Debug|Any CPU.ActiveCfg = Debug|Any CPU
		{FDDA2014-F0B7-41FC-91EA-29DE773F6555}.Debug|Any CPU.Build.0 = Debug|Any CPU
		{FDDA2014-F0B7-41FC-91EA-29DE773F6555}.Release|Any CPU.ActiveCfg = Release|Any CPU
		{FDDA2014-F0B7-41FC-91EA-29DE773F6555}.Release|Any CPU.Build.0 = Release|Any CPU
		{2EEE922C-28F6-42BD-81C6-CE2379FEF8D2}.Debug|Any CPU.ActiveCfg = Debug|Any CPU
		{2EEE922C-28F6-42BD-81C6-CE2379FEF8D2}.Debug|Any CPU.Build.0 = Debug|Any CPU
		{2EEE922C-28F6-42BD-81C6-CE2379FEF8D2}.Release|Any CPU.ActiveCfg = Release|Any CPU
		{2EEE922C-28F6-42BD-81C6-CE2379FEF8D2}.Release|Any CPU.Build.0 = Release|Any CPU
		{70216A65-C547-429B-B1B9-DF9C09C534F1}.Debug|Any CPU.ActiveCfg = Debug|Any CPU
		{70216A65-C547-429B-B1B9-DF9C09C534F1}.Debug|Any CPU.Build.0 = Debug|Any CPU
		{70216A65-C547-429B-B1B9-DF9C09C534F1}.Release|Any CPU.ActiveCfg = Release|Any CPU
		{70216A65-C547-429B-B1B9-DF9C09C534F1}.Release|Any CPU.Build.0 = Release|Any CPU
		{0B4C801E-ACFA-408B-B4E3-FCD6C7FEBC3C}.Debug|Any CPU.ActiveCfg = Debug|Any CPU
		{0B4C801E-ACFA-408B-B4E3-FCD6C7FEBC3C}.Debug|Any CPU.Build.0 = Debug|Any CPU
		{0B4C801E-ACFA-408B-B4E3-FCD6C7FEBC3C}.Release|Any CPU.ActiveCfg = Release|Any CPU
		{0B4C801E-ACFA-408B-B4E3-FCD6C7FEBC3C}.Release|Any CPU.Build.0 = Release|Any CPU
	EndGlobalSection
	GlobalSection(SolutionProperties) = preSolution
		HideSolutionNode = FALSE
	EndGlobalSection
EndGlobal
