
Microsoft Visual Studio Solution File, Format Version 12.00
# Visual Studio 2013
VisualStudioVersion = 12.0.30501.0
MinimumVisualStudioVersion = 10.0.40219.1
Project("{FAE04EC0-301F-11D3-BF4B-00C04F79EFBC}") = "StudentSystem.Model", "StudentSystem.Model\StudentSystem.Model.csproj", "{95C52EC1-3BC8-4766-B9F4-443F591A165F}"
EndProject
Project("{FAE04EC0-301F-11D3-BF4B-00C04F79EFBC}") = "StudentSystem.Data", "StudentSystem.Data\StudentSystem.Data.csproj", "{B47E32D1-5DCA-4547-8DF2-842417043B31}"
EndProject
Project("{FAE04EC0-301F-11D3-BF4B-00C04F79EFBC}") = "StudentSystem.ConsoleClient", "StudentSystem.ConsoleClient\StudentSystem.ConsoleClient.csproj", "{098B9C83-A183-4D72-BA76-9777D0A4990D}"
EndProject
Global
	GlobalSection(SolutionConfigurationPlatforms) = preSolution
		Debug|Any CPU = Debug|Any CPU
		Release|Any CPU = Release|Any CPU
	EndGlobalSection
	GlobalSection(ProjectConfigurationPlatforms) = postSolution
		{95C52EC1-3BC8-4766-B9F4-443F591A165F}.Debug|Any CPU.ActiveCfg = Debug|Any CPU
		{95C52EC1-3BC8-4766-B9F4-443F591A165F}.Debug|Any CPU.Build.0 = Debug|Any CPU
		{95C52EC1-3BC8-4766-B9F4-443F591A165F}.Release|Any CPU.ActiveCfg = Release|Any CPU
		{95C52EC1-3BC8-4766-B9F4-443F591A165F}.Release|Any CPU.Build.0 = Release|Any CPU
		{B47E32D1-5DCA-4547-8DF2-842417043B31}.Debug|Any CPU.ActiveCfg = Debug|Any CPU
		{B47E32D1-5DCA-4547-8DF2-842417043B31}.Debug|Any CPU.Build.0 = Debug|Any CPU
		{B47E32D1-5DCA-4547-8DF2-842417043B31}.Release|Any CPU.ActiveCfg = Release|Any CPU
		{B47E32D1-5DCA-4547-8DF2-842417043B31}.Release|Any CPU.Build.0 = Release|Any CPU
		{098B9C83-A183-4D72-BA76-9777D0A4990D}.Debug|Any CPU.ActiveCfg = Debug|Any CPU
		{098B9C83-A183-4D72-BA76-9777D0A4990D}.Debug|Any CPU.Build.0 = Debug|Any CPU
		{098B9C83-A183-4D72-BA76-9777D0A4990D}.Release|Any CPU.ActiveCfg = Release|Any CPU
		{098B9C83-A183-4D72-BA76-9777D0A4990D}.Release|Any CPU.Build.0 = Release|Any CPU
	EndGlobalSection
	GlobalSection(SolutionProperties) = preSolution
		HideSolutionNode = FALSE
	EndGlobalSection
EndGlobal
