
Microsoft Visual Studio Solution File, Format Version 12.00
# Visual Studio 2013
VisualStudioVersion = 12.0.30501.0
MinimumVisualStudioVersion = 10.0.40219.1
Project("{FAE04EC0-301F-11D3-BF4B-00C04F79EFBC}") = "01-05QueringNorthwind", "RetrieveCategoriesCountFromNorthwind\01-05QueringNorthwind.csproj", "{F17FD32B-A2D0-47AE-8C86-6254535DEDAE}"
EndProject
Project("{FAE04EC0-301F-11D3-BF4B-00C04F79EFBC}") = "06-07UsingOleDbWithExcel", "UsingOleDbWithExcel\06-07UsingOleDbWithExcel.csproj", "{A08A06B1-C08F-43D3-B66F-C2ADBAEBA4A3}"
EndProject
Global
	GlobalSection(SolutionConfigurationPlatforms) = preSolution
		Debug|Any CPU = Debug|Any CPU
		Release|Any CPU = Release|Any CPU
	EndGlobalSection
	GlobalSection(ProjectConfigurationPlatforms) = postSolution
		{F17FD32B-A2D0-47AE-8C86-6254535DEDAE}.Debug|Any CPU.ActiveCfg = Debug|Any CPU
		{F17FD32B-A2D0-47AE-8C86-6254535DEDAE}.Debug|Any CPU.Build.0 = Debug|Any CPU
		{F17FD32B-A2D0-47AE-8C86-6254535DEDAE}.Release|Any CPU.ActiveCfg = Release|Any CPU
		{F17FD32B-A2D0-47AE-8C86-6254535DEDAE}.Release|Any CPU.Build.0 = Release|Any CPU
		{A08A06B1-C08F-43D3-B66F-C2ADBAEBA4A3}.Debug|Any CPU.ActiveCfg = Debug|Any CPU
		{A08A06B1-C08F-43D3-B66F-C2ADBAEBA4A3}.Debug|Any CPU.Build.0 = Debug|Any CPU
		{A08A06B1-C08F-43D3-B66F-C2ADBAEBA4A3}.Release|Any CPU.ActiveCfg = Release|Any CPU
		{A08A06B1-C08F-43D3-B66F-C2ADBAEBA4A3}.Release|Any CPU.Build.0 = Release|Any CPU
	EndGlobalSection
	GlobalSection(SolutionProperties) = preSolution
		HideSolutionNode = FALSE
	EndGlobalSection
EndGlobal
