
Microsoft Visual Studio Solution File, Format Version 12.00
# Visual Studio 2013
VisualStudioVersion = 12.0.30501.0
MinimumVisualStudioVersion = 10.0.40219.1
Project("{FAE04EC0-301F-11D3-BF4B-00C04F79EFBC}") = "SchoolSystem", "SchoolSystem\SchoolSystem.csproj", "{524E153C-A984-43B2-81B9-9B4530536190}"
EndProject
Project("{FAE04EC0-301F-11D3-BF4B-00C04F79EFBC}") = "SchoolSystemTests", "SchoolSystemTests\SchoolSystemTests.csproj", "{6057630E-012C-4A3A-997F-0F34E8C97C05}"
EndProject
Global
	GlobalSection(SolutionConfigurationPlatforms) = preSolution
		Debug|Any CPU = Debug|Any CPU
		Release|Any CPU = Release|Any CPU
	EndGlobalSection
	GlobalSection(ProjectConfigurationPlatforms) = postSolution
		{524E153C-A984-43B2-81B9-9B4530536190}.Debug|Any CPU.ActiveCfg = Debug|Any CPU
		{524E153C-A984-43B2-81B9-9B4530536190}.Debug|Any CPU.Build.0 = Debug|Any CPU
		{524E153C-A984-43B2-81B9-9B4530536190}.Release|Any CPU.ActiveCfg = Release|Any CPU
		{524E153C-A984-43B2-81B9-9B4530536190}.Release|Any CPU.Build.0 = Release|Any CPU
		{6057630E-012C-4A3A-997F-0F34E8C97C05}.Debug|Any CPU.ActiveCfg = Debug|Any CPU
		{6057630E-012C-4A3A-997F-0F34E8C97C05}.Debug|Any CPU.Build.0 = Debug|Any CPU
		{6057630E-012C-4A3A-997F-0F34E8C97C05}.Release|Any CPU.ActiveCfg = Release|Any CPU
		{6057630E-012C-4A3A-997F-0F34E8C97C05}.Release|Any CPU.Build.0 = Release|Any CPU
	EndGlobalSection
	GlobalSection(SolutionProperties) = preSolution
		HideSolutionNode = FALSE
	EndGlobalSection
EndGlobal
